
Microsoft Visual Studio Solution File, Format Version 12.00
# Visual Studio 2013
VisualStudioVersion = 12.0.30723.0
MinimumVisualStudioVersion = 10.0.40219.1
Project("{FAE04EC0-301F-11D3-BF4B-00C04F79EFBC}") = "ProduktVerwaltungTrippleLayer", "ProduktVerwaltungTrippleLayer.csproj", "{BD03B717-3B4E-4B29-8F41-6B9E57720D2B}"
EndProject
Global
	GlobalSection(SolutionConfigurationPlatforms) = preSolution
		Debug|Any CPU = Debug|Any CPU
		Release|Any CPU = Release|Any CPU
	EndGlobalSection
	GlobalSection(ProjectConfigurationPlatforms) = postSolution
		{BD03B717-3B4E-4B29-8F41-6B9E57720D2B}.Debug|Any CPU.ActiveCfg = Debug|Any CPU
		{BD03B717-3B4E-4B29-8F41-6B9E57720D2B}.Debug|Any CPU.Build.0 = Debug|Any CPU
		{BD03B717-3B4E-4B29-8F41-6B9E57720D2B}.Release|Any CPU.ActiveCfg = Release|Any CPU
		{BD03B717-3B4E-4B29-8F41-6B9E57720D2B}.Release|Any CPU.Build.0 = Release|Any CPU
	EndGlobalSection
	GlobalSection(SolutionProperties) = preSolution
		HideSolutionNode = FALSE
	EndGlobalSection
EndGlobal
